{
  "meteor": {},
  "dependencies": {
    "basePackages": {
      "sugar": {},
      "bootstrap-3": {},
      "npm": {}
    },
    "packages": {
      "sugar": {
        "git": "https://github.com/bevanhunt/meteor-sugar.git",
        "tag": "v0.1.7",
        "commit": "eef2d45055fabeb27c003f39bb36b97a361b4455"
      },
      "bootstrap-3": {
        "git": "https://github.com/mangasocial/meteor-bootstrap-3.git",
        "tag": "v3.2.0-1",
        "commit": "17a63902fc6cf1096c5289d963c66cf28b474727"
      },
      "npm": {
        "git": "https://github.com/arunoda/meteor-npm.git",
        "tag": "v0.2.6",
        "commit": "177ab6118de5bf8cffb19481343d5762ff7a2aaf"
      }
    }
  }
}
